// !$*UTF8*$!
{
	archiveVersion = 1;
	classes = {
	};
	objectVersion = 46;
	objects = {

/* Begin PBXBuildFile section */
		2747EDC91C04C27800C5D469 /* MenuTableViewCell.m in Sources */ = {isa = PBXBuildFile; fileRef = 2747EDC81C04C27800C5D469 /* MenuTableViewCell.m */; };
		274C007F1C049DF0006AC592 /* main.m in Sources */ = {isa = PBXBuildFile; fileRef = 274C007E1C049DF0006AC592 /* main.m */; };
		274C00821C049DF0006AC592 /* AppDelegate.m in Sources */ = {isa = PBXBuildFile; fileRef = 274C00811C049DF0006AC592 /* AppDelegate.m */; };
		274C00851C049DF0006AC592 /* ShapesViewController.m in Sources */ = {isa = PBXBuildFile; fileRef = 274C00841C049DF0006AC592 /* ShapesViewController.m */; };
		274C00881C049DF0006AC592 /* Main.storyboard in Resources */ = {isa = PBXBuildFile; fileRef = 274C00861C049DF0006AC592 /* Main.storyboard */; };
		274C008A1C049DF0006AC592 /* Assets.xcassets in Resources */ = {isa = PBXBuildFile; fileRef = 274C00891C049DF0006AC592 /* Assets.xcassets */; };
		274C008D1C049DF0006AC592 /* LaunchScreen.storyboard in Resources */ = {isa = PBXBuildFile; fileRef = 274C008B1C049DF0006AC592 /* LaunchScreen.storyboard */; };
		274C00961C04A619006AC592 /* ShapeCollectionViewCell.m in Sources */ = {isa = PBXBuildFile; fileRef = 274C00951C04A619006AC592 /* ShapeCollectionViewCell.m */; };
		275803B01C08415F000A1AD8 /* Cat meow.wav in Resources */ = {isa = PBXBuildFile; fileRef = 275803AF1C08415F000A1AD8 /* Cat meow.wav */; };
		275803B21C08418D000A1AD8 /* Cow moo.wav in Resources */ = {isa = PBXBuildFile; fileRef = 275803B11C08418D000A1AD8 /* Cow moo.wav */; };
		275803B41C0841B7000A1AD8 /* Horse walking by.wav in Resources */ = {isa = PBXBuildFile; fileRef = 275803B31C0841B7000A1AD8 /* Horse walking by.wav */; };
		275803B61C0841DE000A1AD8 /* Pig squeal.wav in Resources */ = {isa = PBXBuildFile; fileRef = 275803B51C0841DE000A1AD8 /* Pig squeal.wav */; };
		275803B81C0841F9000A1AD8 /* Lion roar.wav in Resources */ = {isa = PBXBuildFile; fileRef = 275803B71C0841F9000A1AD8 /* Lion roar.wav */; };
		275803BC1C08421E000A1AD8 /* Duck quacking.wav in Resources */ = {isa = PBXBuildFile; fileRef = 275803BB1C08421E000A1AD8 /* Duck quacking.wav */; };
		275803BE1C084230000A1AD8 /* Elephant.wav in Resources */ = {isa = PBXBuildFile; fileRef = 275803BD1C084230000A1AD8 /* Elephant.wav */; };
		275803C81C0846ED000A1AD8 /* AVKit.framework in Frameworks */ = {isa = PBXBuildFile; fileRef = 275803C71C0846ED000A1AD8 /* AVKit.framework */; };
		275803CA1C0846F3000A1AD8 /* AVFoundation.framework in Frameworks */ = {isa = PBXBuildFile; fileRef = 275803C91C0846F3000A1AD8 /* AVFoundation.framework */; };
		275803CE1C089018000A1AD8 /* Rooster.wav in Resources */ = {isa = PBXBuildFile; fileRef = 275803CC1C089018000A1AD8 /* Rooster.wav */; };
		275803D01C08941A000A1AD8 /* Dog bark.wav in Resources */ = {isa = PBXBuildFile; fileRef = 275803CF1C08941A000A1AD8 /* Dog bark.wav */; };
		275803D21C089625000A1AD8 /* Sheep.wav in Resources */ = {isa = PBXBuildFile; fileRef = 275803D11C089625000A1AD8 /* Sheep.wav */; };
		2780000C1C0597290029D049 /* DrawViewController.m in Sources */ = {isa = PBXBuildFile; fileRef = 2780000B1C0597290029D049 /* DrawViewController.m */; };
		2780000F1C059D990029D049 /* ShapeView.m in Sources */ = {isa = PBXBuildFile; fileRef = 2780000E1C059D990029D049 /* ShapeView.m */; };
		278000261C05D1B60029D049 /* UIColorAdditions.m in Sources */ = {isa = PBXBuildFile; fileRef = 278000251C05D1B60029D049 /* UIColorAdditions.m */; };
/* End PBXBuildFile section */

/* Begin PBXFileReference section */
		2747EDC71C04C27800C5D469 /* MenuTableViewCell.h */ = {isa = PBXFileReference; fileEncoding = 4; lastKnownFileType = sourcecode.c.h; path = MenuTableViewCell.h; sourceTree = "<group>"; };
		2747EDC81C04C27800C5D469 /* MenuTableViewCell.m */ = {isa = PBXFileReference; fileEncoding = 4; lastKnownFileType = sourcecode.c.objc; path = MenuTableViewCell.m; sourceTree = "<group>"; };
		274C007A1C049DF0006AC592 /* Shapes.app */ = {isa = PBXFileReference; explicitFileType = wrapper.application; includeInIndex = 0; path = Shapes.app; sourceTree = BUILT_PRODUCTS_DIR; };
		274C007E1C049DF0006AC592 /* main.m */ = {isa = PBXFileReference; lastKnownFileType = sourcecode.c.objc; path = main.m; sourceTree = "<group>"; };
		274C00801C049DF0006AC592 /* AppDelegate.h */ = {isa = PBXFileReference; lastKnownFileType = sourcecode.c.h; path = AppDelegate.h; sourceTree = "<group>"; };
		274C00811C049DF0006AC592 /* AppDelegate.m */ = {isa = PBXFileReference; lastKnownFileType = sourcecode.c.objc; path = AppDelegate.m; sourceTree = "<group>"; };
		274C00831C049DF0006AC592 /* ShapesViewController.h */ = {isa = PBXFileReference; lastKnownFileType = sourcecode.c.h; path = ShapesViewController.h; sourceTree = "<group>"; };
		274C00841C049DF0006AC592 /* ShapesViewController.m */ = {isa = PBXFileReference; lastKnownFileType = sourcecode.c.objc; path = ShapesViewController.m; sourceTree = "<group>"; };
		274C00871C049DF0006AC592 /* Base */ = {isa = PBXFileReference; lastKnownFileType = file.storyboard; name = Base; path = Base.lproj/Main.storyboard; sourceTree = "<group>"; };
		274C00891C049DF0006AC592 /* Assets.xcassets */ = {isa = PBXFileReference; lastKnownFileType = folder.assetcatalog; path = Assets.xcassets; sourceTree = "<group>"; };
		274C008C1C049DF0006AC592 /* Base */ = {isa = PBXFileReference; lastKnownFileType = file.storyboard; name = Base; path = Base.lproj/LaunchScreen.storyboard; sourceTree = "<group>"; };
		274C008E1C049DF0006AC592 /* Info.plist */ = {isa = PBXFileReference; lastKnownFileType = text.plist.xml; path = Info.plist; sourceTree = "<group>"; };
		274C00941C04A619006AC592 /* ShapeCollectionViewCell.h */ = {isa = PBXFileReference; fileEncoding = 4; lastKnownFileType = sourcecode.c.h; path = ShapeCollectionViewCell.h; sourceTree = "<group>"; };
		274C00951C04A619006AC592 /* ShapeCollectionViewCell.m */ = {isa = PBXFileReference; fileEncoding = 4; lastKnownFileType = sourcecode.c.objc; path = ShapeCollectionViewCell.m; sourceTree = "<group>"; };
		275803AF1C08415F000A1AD8 /* Cat meow.wav */ = {isa = PBXFileReference; lastKnownFileType = audio.wav; name = "Cat meow.wav"; path = "Sounds/Cat meow.wav"; sourceTree = "<group>"; };
		275803B11C08418D000A1AD8 /* Cow moo.wav */ = {isa = PBXFileReference; lastKnownFileType = audio.wav; name = "Cow moo.wav"; path = "Sounds/Cow moo.wav"; sourceTree = "<group>"; };
		275803B31C0841B7000A1AD8 /* Horse walking by.wav */ = {isa = PBXFileReference; lastKnownFileType = audio.wav; name = "Horse walking by.wav"; path = "Sounds/Horse walking by.wav"; sourceTree = "<group>"; };
		275803B51C0841DE000A1AD8 /* Pig squeal.wav */ = {isa = PBXFileReference; lastKnownFileType = audio.wav; name = "Pig squeal.wav"; path = "Sounds/Pig squeal.wav"; sourceTree = "<group>"; };
		275803B71C0841F9000A1AD8 /* Lion roar.wav */ = {isa = PBXFileReference; lastKnownFileType = audio.wav; name = "Lion roar.wav"; path = "Sounds/Lion roar.wav"; sourceTree = "<group>"; };
		275803BB1C08421E000A1AD8 /* Duck quacking.wav */ = {isa = PBXFileReference; lastKnownFileType = audio.wav; name = "Duck quacking.wav"; path = "Sounds/Duck quacking.wav"; sourceTree = "<group>"; };
		275803BD1C084230000A1AD8 /* Elephant.wav */ = {isa = PBXFileReference; lastKnownFileType = audio.wav; name = Elephant.wav; path = Sounds/Elephant.wav; sourceTree = "<group>"; };
		275803C71C0846ED000A1AD8 /* AVKit.framework */ = {isa = PBXFileReference; lastKnownFileType = wrapper.framework; name = AVKit.framework; path = System/Library/Frameworks/AVKit.framework; sourceTree = SDKROOT; };
		275803C91C0846F3000A1AD8 /* AVFoundation.framework */ = {isa = PBXFileReference; lastKnownFileType = wrapper.framework; name = AVFoundation.framework; path = System/Library/Frameworks/AVFoundation.framework; sourceTree = SDKROOT; };
		275803CC1C089018000A1AD8 /* Rooster.wav */ = {isa = PBXFileReference; lastKnownFileType = audio.wav; name = Rooster.wav; path = Sounds/Rooster.wav; sourceTree = "<group>"; };
		275803CF1C08941A000A1AD8 /* Dog bark.wav */ = {isa = PBXFileReference; lastKnownFileType = audio.wav; name = "Dog bark.wav"; path = "Sounds/Dog bark.wav"; sourceTree = "<group>"; };
		275803D11C089625000A1AD8 /* Sheep.wav */ = {isa = PBXFileReference; lastKnownFileType = audio.wav; name = Sheep.wav; path = Sounds/Sheep.wav; sourceTree = "<group>"; };
		2780000A1C0597290029D049 /* DrawViewController.h */ = {isa = PBXFileReference; fileEncoding = 4; lastKnownFileType = sourcecode.c.h; path = DrawViewController.h; sourceTree = "<group>"; };
		2780000B1C0597290029D049 /* DrawViewController.m */ = {isa = PBXFileReference; fileEncoding = 4; lastKnownFileType = sourcecode.c.objc; path = DrawViewController.m; sourceTree = "<group>"; };
		2780000D1C059D990029D049 /* ShapeView.h */ = {isa = PBXFileReference; fileEncoding = 4; lastKnownFileType = sourcecode.c.h; path = ShapeView.h; sourceTree = "<group>"; };
		2780000E1C059D990029D049 /* ShapeView.m */ = {isa = PBXFileReference; fileEncoding = 4; lastKnownFileType = sourcecode.c.objc; path = ShapeView.m; sourceTree = "<group>"; };
		278000241C05D1B60029D049 /* UIColorAdditions.h */ = {isa = PBXFileReference; fileEncoding = 4; lastKnownFileType = sourcecode.c.h; path = UIColorAdditions.h; sourceTree = "<group>"; };
		278000251C05D1B60029D049 /* UIColorAdditions.m */ = {isa = PBXFileReference; fileEncoding = 4; lastKnownFileType = sourcecode.c.objc; path = UIColorAdditions.m; sourceTree = "<group>"; };
/* End PBXFileReference section */

/* Begin PBXFrameworksBuildPhase section */
		274C00771C049DF0006AC592 /* Frameworks */ = {
			isa = PBXFrameworksBuildPhase;
			buildActionMask = 2147483647;
			files = (
				275803CA1C0846F3000A1AD8 /* AVFoundation.framework in Frameworks */,
				275803C81C0846ED000A1AD8 /* AVKit.framework in Frameworks */,
			);
			runOnlyForDeploymentPostprocessing = 0;
		};
/* End PBXFrameworksBuildPhase section */

/* Begin PBXGroup section */
		274C00711C049DF0006AC592 = {
			isa = PBXGroup;
			children = (
				274C007C1C049DF0006AC592 /* Shapes */,
				274C007B1C049DF0006AC592 /* Products */,
			);
			sourceTree = "<group>";
		};
		274C007B1C049DF0006AC592 /* Products */ = {
			isa = PBXGroup;
			children = (
				274C007A1C049DF0006AC592 /* Shapes.app */,
			);
			name = Products;
			sourceTree = "<group>";
		};
		274C007C1C049DF0006AC592 /* Shapes */ = {
			isa = PBXGroup;
			children = (
				274C00801C049DF0006AC592 /* AppDelegate.h */,
				274C00811C049DF0006AC592 /* AppDelegate.m */,
				274C00831C049DF0006AC592 /* ShapesViewController.h */,
				274C00841C049DF0006AC592 /* ShapesViewController.m */,
				2780000A1C0597290029D049 /* DrawViewController.h */,
				2780000B1C0597290029D049 /* DrawViewController.m */,
				274C00941C04A619006AC592 /* ShapeCollectionViewCell.h */,
				274C00951C04A619006AC592 /* ShapeCollectionViewCell.m */,
				2747EDC71C04C27800C5D469 /* MenuTableViewCell.h */,
				2747EDC81C04C27800C5D469 /* MenuTableViewCell.m */,
				2780000D1C059D990029D049 /* ShapeView.h */,
				2780000E1C059D990029D049 /* ShapeView.m */,
				278000241C05D1B60029D049 /* UIColorAdditions.h */,
				278000251C05D1B60029D049 /* UIColorAdditions.m */,
				274C00861C049DF0006AC592 /* Main.storyboard */,
				274C00891C049DF0006AC592 /* Assets.xcassets */,
				274C008B1C049DF0006AC592 /* LaunchScreen.storyboard */,
				274C008E1C049DF0006AC592 /* Info.plist */,
				275803AE1C08412A000A1AD8 /* Sounds */,
				274C007D1C049DF0006AC592 /* Supporting Files */,
			);
			path = Shapes;
			sourceTree = "<group>";
		};
		274C007D1C049DF0006AC592 /* Supporting Files */ = {
			isa = PBXGroup;
			children = (
				275803C71C0846ED000A1AD8 /* AVKit.framework */,
				275803C91C0846F3000A1AD8 /* AVFoundation.framework */,
				274C007E1C049DF0006AC592 /* main.m */,
			);
			name = "Supporting Files";
			sourceTree = "<group>";
		};
		275803AE1C08412A000A1AD8 /* Sounds */ = {
			isa = PBXGroup;
			children = (
				275803D11C089625000A1AD8 /* Sheep.wav */,
				275803CC1C089018000A1AD8 /* Rooster.wav */,
				275803CF1C08941A000A1AD8 /* Dog bark.wav */,
				275803AF1C08415F000A1AD8 /* Cat meow.wav */,
				275803B11C08418D000A1AD8 /* Cow moo.wav */,
				275803B31C0841B7000A1AD8 /* Horse walking by.wav */,
				275803B51C0841DE000A1AD8 /* Pig squeal.wav */,
				275803B71C0841F9000A1AD8 /* Lion roar.wav */,
				275803BB1C08421E000A1AD8 /* Duck quacking.wav */,
				275803BD1C084230000A1AD8 /* Elephant.wav */,
			);
			name = Sounds;
			sourceTree = "<group>";
		};
/* End PBXGroup section */

/* Begin PBXNativeTarget section */
		274C00791C049DF0006AC592 /* Shapes */ = {
			isa = PBXNativeTarget;
			buildConfigurationList = 274C00911C049DF0006AC592 /* Build configuration list for PBXNativeTarget "Shapes" */;
			buildPhases = (
				274C00761C049DF0006AC592 /* Sources */,
				274C00771C049DF0006AC592 /* Frameworks */,
				274C00781C049DF0006AC592 /* Resources */,
			);
			buildRules = (
			);
			dependencies = (
			);
			name = Shapes;
			productName = Shapes;
			productReference = 274C007A1C049DF0006AC592 /* Shapes.app */;
			productType = "com.apple.product-type.application";
		};
/* End PBXNativeTarget section */

/* Begin PBXProject section */
		274C00721C049DF0006AC592 /* Project object */ = {
			isa = PBXProject;
			attributes = {
				LastUpgradeCheck = 0710;
				ORGANIZATIONNAME = "Anca Julean";
				TargetAttributes = {
					274C00791C049DF0006AC592 = {
						CreatedOnToolsVersion = 7.1.1;
						DevelopmentTeam = SZGLEM24Z8;
					};
				};
			};
			buildConfigurationList = 274C00751C049DF0006AC592 /* Build configuration list for PBXProject "Shapes" */;
			compatibilityVersion = "Xcode 3.2";
			developmentRegion = English;
			hasScannedForEncodings = 0;
			knownRegions = (
				en,
				Base,
			);
			mainGroup = 274C00711C049DF0006AC592;
			productRefGroup = 274C007B1C049DF0006AC592 /* Products */;
			projectDirPath = "";
			projectRoot = "";
			targets = (
				274C00791C049DF0006AC592 /* Shapes */,
			);
		};
/* End PBXProject section */

/* Begin PBXResourcesBuildPhase section */
		274C00781C049DF0006AC592 /* Resources */ = {
			isa = PBXResourcesBuildPhase;
			buildActionMask = 2147483647;
			files = (
				275803CE1C089018000A1AD8 /* Rooster.wav in Resources */,
				274C008D1C049DF0006AC592 /* LaunchScreen.storyboard in Resources */,
				275803B61C0841DE000A1AD8 /* Pig squeal.wav in Resources */,
				275803B21C08418D000A1AD8 /* Cow moo.wav in Resources */,
				274C008A1C049DF0006AC592 /* Assets.xcassets in Resources */,
				275803B01C08415F000A1AD8 /* Cat meow.wav in Resources */,
				275803B41C0841B7000A1AD8 /* Horse walking by.wav in Resources */,
				275803B81C0841F9000A1AD8 /* Lion roar.wav in Resources */,
				275803D01C08941A000A1AD8 /* Dog bark.wav in Resources */,
				275803BE1C084230000A1AD8 /* Elephant.wav in Resources */,
				275803D21C089625000A1AD8 /* Sheep.wav in Resources */,
				275803BC1C08421E000A1AD8 /* Duck quacking.wav in Resources */,
				274C00881C049DF0006AC592 /* Main.storyboard in Resources */,
			);
			runOnlyForDeploymentPostprocessing = 0;
		};
/* End PBXResourcesBuildPhase section */

/* Begin PBXSourcesBuildPhase section */
		274C00761C049DF0006AC592 /* Sources */ = {
			isa = PBXSourcesBuildPhase;
			buildActionMask = 2147483647;
			files = (
				2780000C1C0597290029D049 /* DrawViewController.m in Sources */,
				278000261C05D1B60029D049 /* UIColorAdditions.m in Sources */,
				274C00961C04A619006AC592 /* ShapeCollectionViewCell.m in Sources */,
				274C00851C049DF0006AC592 /* ShapesViewController.m in Sources */,
				2747EDC91C04C27800C5D469 /* MenuTableViewCell.m in Sources */,
				274C00821C049DF0006AC592 /* AppDelegate.m in Sources */,
				2780000F1C059D990029D049 /* ShapeView.m in Sources */,
				274C007F1C049DF0006AC592 /* main.m in Sources */,
			);
			runOnlyForDeploymentPostprocessing = 0;
		};
/* End PBXSourcesBuildPhase section */

/* Begin PBXVariantGroup section */
		274C00861C049DF0006AC592 /* Main.storyboard */ = {
			isa = PBXVariantGroup;
			children = (
				274C00871C049DF0006AC592 /* Base */,
			);
			name = Main.storyboard;
			sourceTree = "<group>";
		};
		274C008B1C049DF0006AC592 /* LaunchScreen.storyboard */ = {
			isa = PBXVariantGroup;
			children = (
				274C008C1C049DF0006AC592 /* Base */,
			);
			name = LaunchScreen.storyboard;
			sourceTree = "<group>";
		};
/* End PBXVariantGroup section */

/* Begin XCBuildConfiguration section */
		274C008F1C049DF0006AC592 /* Debug */ = {
			isa = XCBuildConfiguration;
			buildSettings = {
				ALWAYS_SEARCH_USER_PATHS = NO;
				CLANG_CXX_LANGUAGE_STANDARD = "gnu++0x";
				CLANG_CXX_LIBRARY = "libc++";
				CLANG_ENABLE_MODULES = YES;
				CLANG_ENABLE_OBJC_ARC = YES;
				CLANG_WARN_BOOL_CONVERSION = YES;
				CLANG_WARN_CONSTANT_CONVERSION = YES;
				CLANG_WARN_DIRECT_OBJC_ISA_USAGE = YES_ERROR;
				CLANG_WARN_EMPTY_BODY = YES;
				CLANG_WARN_ENUM_CONVERSION = YES;
				CLANG_WARN_INT_CONVERSION = YES;
				CLANG_WARN_OBJC_ROOT_CLASS = YES_ERROR;
				CLANG_WARN_UNREACHABLE_CODE = YES;
				CLANG_WARN__DUPLICATE_METHOD_MATCH = YES;
				"CODE_SIGN_IDENTITY[sdk=iphoneos*]" = "iPhone Developer";
				COPY_PHASE_STRIP = NO;
				DEBUG_INFORMATION_FORMAT = dwarf;
				ENABLE_STRICT_OBJC_MSGSEND = YES;
				ENABLE_TESTABILITY = YES;
				GCC_C_LANGUAGE_STANDARD = gnu99;
				GCC_DYNAMIC_NO_PIC = NO;
				GCC_NO_COMMON_BLOCKS = YES;
				GCC_OPTIMIZATION_LEVEL = 0;
				GCC_PREPROCESSOR_DEFINITIONS = (
					"DEBUG=1",
					"$(inherited)",
				);
				GCC_WARN_64_TO_32_BIT_CONVERSION = YES;
				GCC_WARN_ABOUT_RETURN_TYPE = YES_ERROR;
				GCC_WARN_UNDECLARED_SELECTOR = YES;
				GCC_WARN_UNINITIALIZED_AUTOS = YES_AGGRESSIVE;
				GCC_WARN_UNUSED_FUNCTION = YES;
				GCC_WARN_UNUSED_VARIABLE = YES;
				IPHONEOS_DEPLOYMENT_TARGET = 9.1;
				MTL_ENABLE_DEBUG_INFO = YES;
				ONLY_ACTIVE_ARCH = YES;
				SDKROOT = iphoneos;
				TARGETED_DEVICE_FAMILY = "1,2";
			};
			name = Debug;
		};
		274C00901C049DF0006AC592 /* Release */ = {
			isa = XCBuildConfiguration;
			buildSettings = {
				ALWAYS_SEARCH_USER_PATHS = NO;
				CLANG_CXX_LANGUAGE_STANDARD = "gnu++0x";
				CLANG_CXX_LIBRARY = "libc++";
				CLANG_ENABLE_MODULES = YES;
				CLANG_ENABLE_OBJC_ARC = YES;
				CLANG_WARN_BOOL_CONVERSION = YES;
				CLANG_WARN_CONSTANT_CONVERSION = YES;
				CLANG_WARN_DIRECT_OBJC_ISA_USAGE = YES_ERROR;
				CLANG_WARN_EMPTY_BODY = YES;
				CLANG_WARN_ENUM_CONVERSION = YES;
				CLANG_WARN_INT_CONVERSION = YES;
				CLANG_WARN_OBJC_ROOT_CLASS = YES_ERROR;
				CLANG_WARN_UNREACHABLE_CODE = YES;
				CLANG_WARN__DUPLICATE_METHOD_MATCH = YES;
				"CODE_SIGN_IDENTITY[sdk=iphoneos*]" = "iPhone Developer";
				COPY_PHASE_STRIP = NO;
				DEBUG_INFORMATION_FORMAT = "dwarf-with-dsym";
				ENABLE_NS_ASSERTIONS = NO;
				ENABLE_STRICT_OBJC_MSGSEND = YES;
				GCC_C_LANGUAGE_STANDARD = gnu99;
				GCC_NO_COMMON_BLOCKS = YES;
				GCC_WARN_64_TO_32_BIT_CONVERSION = YES;
				GCC_WARN_ABOUT_RETURN_TYPE = YES_ERROR;
				GCC_WARN_UNDECLARED_SELECTOR = YES;
				GCC_WARN_UNINITIALIZED_AUTOS = YES_AGGRESSIVE;
				GCC_WARN_UNUSED_FUNCTION = YES;
				GCC_WARN_UNUSED_VARIABLE = YES;
				IPHONEOS_DEPLOYMENT_TARGET = 9.1;
				MTL_ENABLE_DEBUG_INFO = NO;
				SDKROOT = iphoneos;
				TARGETED_DEVICE_FAMILY = "1,2";
				VALIDATE_PRODUCT = YES;
			};
			name = Release;
		};
		274C00921C049DF0006AC592 /* Debug */ = {
			isa = XCBuildConfiguration;
			buildSettings = {
				ASSETCATALOG_COMPILER_APPICON_NAME = AppIcon;
				CODE_SIGN_IDENTITY = "iPhone Developer";
				"CODE_SIGN_IDENTITY[sdk=iphoneos*]" = "iPhone Developer";
				INFOPLIST_FILE = Shapes/Info.plist;
				IPHONEOS_DEPLOYMENT_TARGET = 8.0;
				LD_RUNPATH_SEARCH_PATHS = "$(inherited) @executable_path/Frameworks";
				PRODUCT_BUNDLE_IDENTIFIER = com.Shapes;
				PRODUCT_NAME = "$(TARGET_NAME)";
				PROVISIONING_PROFILE = "";
				TARGETED_DEVICE_FAMILY = "1,2";
			};
			name = Debug;
		};
		274C00931C049DF0006AC592 /* Release */ = {
			isa = XCBuildConfiguration;
			buildSettings = {
				ASSETCATALOG_COMPILER_APPICON_NAME = AppIcon;
				CODE_SIGN_IDENTITY = "iPhone Developer";
				"CODE_SIGN_IDENTITY[sdk=iphoneos*]" = "iPhone Developer";
				INFOPLIST_FILE = Shapes/Info.plist;
				IPHONEOS_DEPLOYMENT_TARGET = 8.0;
				LD_RUNPATH_SEARCH_PATHS = "$(inherited) @executable_path/Frameworks";
				PRODUCT_BUNDLE_IDENTIFIER = com.Shapes;
				PRODUCT_NAME = "$(TARGET_NAME)";
				PROVISIONING_PROFILE = "";
				TARGETED_DEVICE_FAMILY = "1,2";
			};
			name = Release;
		};
/* End XCBuildConfiguration section */

/* Begin XCConfigurationList section */
		274C00751C049DF0006AC592 /* Build configuration list for PBXProject "Shapes" */ = {
			isa = XCConfigurationList;
			buildConfigurations = (
				274C008F1C049DF0006AC592 /* Debug */,
				274C00901C049DF0006AC592 /* Release */,
			);
			defaultConfigurationIsVisible = 0;
			defaultConfigurationName = Release;
		};
		274C00911C049DF0006AC592 /* Build configuration list for PBXNativeTarget "Shapes" */ = {
			isa = XCConfigurationList;
			buildConfigurations = (
				274C00921C049DF0006AC592 /* Debug */,
				274C00931C049DF0006AC592 /* Release */,
			);
			defaultConfigurationIsVisible = 0;
			defaultConfigurationName = Release;
		};
/* End XCConfigurationList section */
	};
	rootObject = 274C00721C049DF0006AC592 /* Project object */;
}
